
Microsoft Visual Studio Solution File, Format Version 12.00
# Visual Studio Version 17
VisualStudioVersion = 17.14.36221.1 d17.14
MinimumVisualStudioVersion = 10.0.40219.1
Project("{FAE04EC0-301F-11D3-BF4B-00C04F79EFBC}") = "ExperimentWithControls", "ExperimentWithControls.csproj", "{907B39AC-0857-4943-B028-CC83D6F98429}"
EndProject
Global
	GlobalSection(SolutionConfigurationPlatforms) = preSolution
		Debug|Any CPU = Debug|Any CPU
		Release|Any CPU = Release|Any CPU
	EndGlobalSection
	GlobalSection(ProjectConfigurationPlatforms) = postSolution
		{907B39AC-0857-4943-B028-CC83D6F98429}.Debug|Any CPU.ActiveCfg = Debug|Any CPU
		{907B39AC-0857-4943-B028-CC83D6F98429}.Debug|Any CPU.Build.0 = Debug|Any CPU
		{907B39AC-0857-4943-B028-CC83D6F98429}.Release|Any CPU.ActiveCfg = Release|Any CPU
		{907B39AC-0857-4943-B028-CC83D6F98429}.Release|Any CPU.Build.0 = Release|Any CPU
	EndGlobalSection
	GlobalSection(SolutionProperties) = preSolution
		HideSolutionNode = FALSE
	EndGlobalSection
	GlobalSection(ExtensibilityGlobals) = postSolution
		SolutionGuid = {A2C9CBE3-1DF3-4BC8-9BC7-DCBF61BE4878}
	EndGlobalSection
EndGlobal
